{
  "meteor": {},
  "dependencies": {
    "basePackages": {
      "twitter-api": {}
    },
    "packages": {
      "twitter-api": {
        "git": "https://github.com/Sewdn/meteor-twitter-api.git",
        "tag": "v0.1.2",
        "commit": "d940e1018cb56ed011948a8fc36eb721d201cb60"
      }
    }
  }
}
